
Microsoft Visual Studio Solution File, Format Version 12.00
# Visual Studio Version 17
VisualStudioVersion = 17.10.35013.160
MinimumVisualStudioVersion = 10.0.40219.1
Project("{FAE04EC0-301F-11D3-BF4B-00C04F79EFBC}") = "SuperMarket Management System", "SuperMarket Management System.csproj", "{3EFD3830-2E81-44CB-8598-7750E9829A68}"
EndProject
Global
	GlobalSection(SolutionConfigurationPlatforms) = preSolution
		Debug|Any CPU = Debug|Any CPU
		Release|Any CPU = Release|Any CPU
	EndGlobalSection
	GlobalSection(ProjectConfigurationPlatforms) = postSolution
		{3EFD3830-2E81-44CB-8598-7750E9829A68}.Debug|Any CPU.ActiveCfg = Debug|Any CPU
		{3EFD3830-2E81-44CB-8598-7750E9829A68}.Debug|Any CPU.Build.0 = Debug|Any CPU
		{3EFD3830-2E81-44CB-8598-7750E9829A68}.Release|Any CPU.ActiveCfg = Release|Any CPU
		{3EFD3830-2E81-44CB-8598-7750E9829A68}.Release|Any CPU.Build.0 = Release|Any CPU
	EndGlobalSection
	GlobalSection(SolutionProperties) = preSolution
		HideSolutionNode = FALSE
	EndGlobalSection
	GlobalSection(ExtensibilityGlobals) = postSolution
		SolutionGuid = {23285ECC-7FAD-46BF-88E6-A3200DB2F45E}
	EndGlobalSection
EndGlobal
